
Microsoft Visual Studio Solution File, Format Version 12.00
# Visual Studio Version 17
VisualStudioVersion = 17.9.34616.47
MinimumVisualStudioVersion = 10.0.40219.1
Project("{FAE04EC0-301F-11D3-BF4B-00C04F79EFBC}") = "MR_Automation", "MR_Automation\MR_Automation.csproj", "{F2130A07-7F07-43A4-B832-87D1C224706F}"
EndProject
Global
	GlobalSection(SolutionConfigurationPlatforms) = preSolution
		Debug|Any CPU = Debug|Any CPU
		Release|Any CPU = Release|Any CPU
	EndGlobalSection
	GlobalSection(ProjectConfigurationPlatforms) = postSolution
		{F2130A07-7F07-43A4-B832-87D1C224706F}.Debug|Any CPU.ActiveCfg = Debug|Any CPU
		{F2130A07-7F07-43A4-B832-87D1C224706F}.Debug|Any CPU.Build.0 = Debug|Any CPU
		{F2130A07-7F07-43A4-B832-87D1C224706F}.Release|Any CPU.ActiveCfg = Release|Any CPU
		{F2130A07-7F07-43A4-B832-87D1C224706F}.Release|Any CPU.Build.0 = Release|Any CPU
	EndGlobalSection
	GlobalSection(SolutionProperties) = preSolution
		HideSolutionNode = FALSE
	EndGlobalSection
	GlobalSection(ExtensibilityGlobals) = postSolution
		SolutionGuid = {1BF59440-D04A-4234-848B-0028938EDF50}
	EndGlobalSection
EndGlobal
